PODS:
  - flutter_file_manager_macos (0.0.1):
    - FlutterMacOS
  - FlutterMacOS (1.0.0)
  - path_provider_foundation (0.0.1):
    - Flutter
    - FlutterMacOS

DEPENDENCIES:
  - flutter_file_manager_macos (from `Flutter/ephemeral/.symlinks/plugins/flutter_file_manager_macos/macos`)
  - FlutterMacOS (from `Flutter/ephemeral`)
  - path_provider_foundation (from `Flutter/ephemeral/.symlinks/plugins/path_provider_foundation/darwin`)

EXTERNAL SOURCES:
  flutter_file_manager_macos:
    :path: Flutter/ephemeral/.symlinks/plugins/flutter_file_manager_macos/macos
  FlutterMacOS:
    :path: Flutter/ephemeral
  path_provider_foundation:
    :path: Flutter/ephemeral/.symlinks/plugins/path_provider_foundation/darwin

SPEC CHECKSUMS:
  flutter_file_manager_macos: 45c6a349b742ca01da6a7142721b86de88035648
  FlutterMacOS: 8f6f14fa908a6fb3fba0cd85dbd81ec4b251fb24
  path_provider_foundation: 080d55be775b7414fd5a5ef3ac137b97b097e564

PODFILE CHECKSUM: 353c8bcc5d5b0994e508d035b5431cfe18c1dea7

COCOAPODS: 1.16.2
